{
  "name": "homebound-agentsafe-executor",
  "lockfileVersion": 3,
  "requires": true,
  "packages": {
    "": {
      "name": "homebound-agentsafe-executor",
      "dependencies": {
        "@decionis/agentsafe": "0.2.5",
        "@decionis/verify": "0.4.0",
        "zod": "4.5.4"
      },
      "engines": {
        "node": ">=22.14.0"
      }
    },
    "node_modules/@decionis/agent-safe-pipeline": {
      "version": "0.3.5",
      "resolved": "https://registry.npmjs.org/@decionis/agent-safe-pipeline/-/agent-safe-pipeline-0.3.5.tgz",
      "integrity": "sha512-eK1OR4M2TT0DrPfBg23azf/jpJIqJ62ihjgOUKMdnSaemOGX4HyYv9DrK4Xw5U1D/3kJB06/PkfzmH8prcvJtg==",
      "license": "Apache-2.0",
      "dependencies": {
        "@decionis/presence-node": "^0.2.0",
        "jose": "^6.2.10",
        "zod": "^4.5.4"
      },
      "engines": {
        "node": ">=22.14.0"
      }
    },
    "node_modules/@decionis/agentsafe": {
      "version": "0.2.5",
      "resolved": "https://registry.npmjs.org/@decionis/agentsafe/-/agentsafe-0.2.5.tgz",
      "integrity": "sha512-oP2m7HRgVmT/m9Qz0IwOptbp8kMwMpVPYJ4I34YObOmS5EJ/Y5WQF3mFc5PjzayxrFmKyHNW9scfav9TgeLS+Q==",
      "license": "Apache-2.0",
      "dependencies": {
        "@decionis/agent-safe-pipeline": "^0.3.5",
        "@decionis/presence-node": "^0.2.0",
        "jose": "^6.2.10",
        "yaml": "^2.9.0",
        "zod": "^4.5.4"
      },
      "bin": {
        "agentsafe": "dist/Cli.js"
      },
      "engines": {
        "node": ">=22.14.0"
      }
    },
    "node_modules/@decionis/presence-node": {
      "version": "0.2.0",
      "resolved": "https://registry.npmjs.org/@decionis/presence-node/-/presence-node-0.2.0.tgz",
      "integrity": "sha512-7iQGY12kwnEVdct6NnGoo1o3h8X+NWUlcftLrYsFeYcpvjJEVnlUCRVF5yDinOqA/aS+lQ7NIn7ZLp912X5ihw==",
      "license": "Apache-2.0",
      "dependencies": {
        "@decionis/presence-types": "0.2.0"
      },
      "engines": {
        "node": ">=22.14.0"
      }
    },
    "node_modules/@decionis/presence-types": {
      "version": "0.2.0",
      "resolved": "https://registry.npmjs.org/@decionis/presence-types/-/presence-types-0.2.0.tgz",
      "integrity": "sha512-r8u2l0QQMd1W/OToSdGAn/dTufkngcLRG0la/3Gd5G+HLMFfwOnZzTuRZC/urn6Ce3jzMe3PkT6oAYzJzj+Igg==",
      "license": "Apache-2.0",
      "dependencies": {
        "zod": "^3.24.1"
      },
      "engines": {
        "node": ">=22.14.0"
      }
    },
    "node_modules/@decionis/presence-types/node_modules/zod": {
      "version": "3.25.76",
      "resolved": "https://registry.npmjs.org/zod/-/zod-3.25.76.tgz",
      "integrity": "sha512-gzUt/qt81nXsFGKIFcC3YnfEAx5NkunCfnDlvuBSSFS02bcXu4Lmea0AFIUwbLWxWPx3d9p8S5QoaujKcNQxcQ==",
      "license": "MIT",
      "funding": {
        "url": "https://github.com/sponsors/colinhacks"
      }
    },
    "node_modules/@decionis/verify": {
      "version": "0.4.0",
      "resolved": "https://registry.npmjs.org/@decionis/verify/-/verify-0.4.0.tgz",
      "integrity": "sha512-Ciq3Q36wzg9ZT6yzx86HE2AuzR+9tjV0WSu0Qj6BLiGf6pHRagC4tmqg2hQhbesCALNaiJkqzSlKTY267jQddA==",
      "license": "Apache-2.0",
      "bin": {
        "decionis-verify": "dist/cli.js"
      },
      "engines": {
        "node": ">=18"
      }
    },
    "node_modules/jose": {
      "version": "6.2.12",
      "resolved": "https://registry.npmjs.org/jose/-/jose-6.2.12.tgz",
      "integrity": "sha512-9NiFmJEex0sy2Dk58j2UGBSHgUs2ypF9eZSu4L6vjOX3Dp96Sw1F3uL+H+D1sx02jZZdzUT0HgvCy59CuvXcWw==",
      "license": "MIT",
      "funding": {
        "url": "https://github.com/sponsors/panva"
      }
    },
    "node_modules/yaml": {
      "version": "2.9.1",
      "resolved": "https://registry.npmjs.org/yaml/-/yaml-2.9.1.tgz",
      "integrity": "sha512-3NxN8+78OdzbT7C/WjGsyfPAtJaN3FNDsWxv7Y7mcDsT/oOmgW8BpyQQFFBnvZE3j9Y2Sdz1ULFLezL7Eb2yFw==",
      "license": "ISC",
      "bin": {
        "yaml": "bin.mjs"
      },
      "engines": {
        "node": ">= 14.6"
      },
      "funding": {
        "url": "https://github.com/sponsors/eemeli"
      }
    },
    "node_modules/zod": {
      "version": "4.5.4",
      "resolved": "https://registry.npmjs.org/zod/-/zod-4.5.4.tgz",
      "integrity": "sha512-sC95tT5iHHH9gtpj6A81kh+NEaRAUFN+qlUPDUbRfOMvNf5QCBqsb3WgvnpVtK5Y+4UfA6KqufotuTvMGiTlsA==",
      "license": "MIT",
      "funding": {
        "url": "https://github.com/sponsors/colinhacks"
      }
    }
  }
}
